// !$*UTF8*$!
{
	archiveVersion = 1;
	classes = {
	};
	objectVersion = 51;
	objects = {

/* Begin PBXBuildFile section */
		57AD6E51AE5EEDABFCDD0F4F /* Pods_Foil_JulioNietoSantiago_Foil_JulioNietoSantiagoUITests.framework in Frameworks */ = {isa = PBXBuildFile; fileRef = F389958DDCE98FD81182E5E6 /* Pods_Foil_JulioNietoSantiago_Foil_JulioNietoSantiagoUITests.framework */; };
		A4DD04ADC51FF256B7F6644A /* Pods_Foil_JulioNietoSantiagoTests.framework in Frameworks */ = {isa = PBXBuildFile; fileRef = FC9717FDFA639E09B17450C5 /* Pods_Foil_JulioNietoSantiagoTests.framework */; };
		C60D9B53C108C9A1B3F9C2B0 /* Pods_Foil_JulioNietoSantiago.framework in Frameworks */ = {isa = PBXBuildFile; fileRef = 834EC4B7E311A4FD31DCC5A9 /* Pods_Foil_JulioNietoSantiago.framework */; };
		D216954C249F8D2900B9D338 /* ArticleTableViewCell.swift in Sources */ = {isa = PBXBuildFile; fileRef = D216954A249F8D2900B9D338 /* ArticleTableViewCell.swift */; };
		D216954D249F8D2900B9D338 /* ArticleTableViewCell.xib in Resources */ = {isa = PBXBuildFile; fileRef = D216954B249F8D2900B9D338 /* ArticleTableViewCell.xib */; };
		D2169550249FB06500B9D338 /* UIImageView.swift in Sources */ = {isa = PBXBuildFile; fileRef = D216954F249FB06500B9D338 /* UIImageView.swift */; };
		D216955624A1720100B9D338 /* cheltenham-normal-200.ttf in Resources */ = {isa = PBXBuildFile; fileRef = D216955424A1720100B9D338 /* cheltenham-normal-200.ttf */; };
		D216955724A1720100B9D338 /* cheltenham-normal-500.ttf in Resources */ = {isa = PBXBuildFile; fileRef = D216955524A1720100B9D338 /* cheltenham-normal-500.ttf */; };
		D216955924A1735D00B9D338 /* cheltenham-normal-700.ttf in Resources */ = {isa = PBXBuildFile; fileRef = D216955824A1735D00B9D338 /* cheltenham-normal-700.ttf */; };
		D216956124A246CD00B9D338 /* Coordinator.swift in Sources */ = {isa = PBXBuildFile; fileRef = D216956024A246CD00B9D338 /* Coordinator.swift */; };
		D216956324A246D800B9D338 /* AppCoordinator.swift in Sources */ = {isa = PBXBuildFile; fileRef = D216956224A246D800B9D338 /* AppCoordinator.swift */; };
		D216956524A246ED00B9D338 /* ArticlesCoordinator.swift in Sources */ = {isa = PBXBuildFile; fileRef = D216956424A246ED00B9D338 /* ArticlesCoordinator.swift */; };
		D25E1EEE24A252B400A8FA35 /* ArticlePresenter.swift in Sources */ = {isa = PBXBuildFile; fileRef = D25E1EED24A252B400A8FA35 /* ArticlePresenter.swift */; };
		D25E1EF024A252C000A8FA35 /* ArticleView.swift in Sources */ = {isa = PBXBuildFile; fileRef = D25E1EEF24A252C000A8FA35 /* ArticleView.swift */; };
		D25E1EF224A252D000A8FA35 /* ArticleViewController.swift in Sources */ = {isa = PBXBuildFile; fileRef = D25E1EF124A252D000A8FA35 /* ArticleViewController.swift */; };
		D25E1EF624A34C2600A8FA35 /* cheltenham-cond-normal-700.ttf in Resources */ = {isa = PBXBuildFile; fileRef = D25E1EF524A34C2600A8FA35 /* cheltenham-cond-normal-700.ttf */; };
		D25E1EF824A34E0D00A8FA35 /* magslab-normal-700.ttf in Resources */ = {isa = PBXBuildFile; fileRef = D25E1EF724A34E0D00A8FA35 /* magslab-normal-700.ttf */; };
		D25E1EFA24A351CB00A8FA35 /* magsans-normal-500.ttf in Resources */ = {isa = PBXBuildFile; fileRef = D25E1EF924A351CB00A8FA35 /* magsans-normal-500.ttf */; };
		D25E1EFC24A3CF9A00A8FA35 /* magsans-normal-700.ttf in Resources */ = {isa = PBXBuildFile; fileRef = D25E1EFB24A3CF9A00A8FA35 /* magsans-normal-700.ttf */; };
		D25E1EFE24A3D2B200A8FA35 /* imperial-normal-500.ttf in Resources */ = {isa = PBXBuildFile; fileRef = D25E1EFD24A3D2B200A8FA35 /* imperial-normal-500.ttf */; };
		D25E1F0024A4113900A8FA35 /* String.swift in Sources */ = {isa = PBXBuildFile; fileRef = D25E1EFF24A4113900A8FA35 /* String.swift */; };
		D25E1F0224A413DE00A8FA35 /* UITextView.swift in Sources */ = {isa = PBXBuildFile; fileRef = D25E1F0124A413DE00A8FA35 /* UITextView.swift */; };
		D2B8AD11249BD11900C71B06 /* APIClient.swift in Sources */ = {isa = PBXBuildFile; fileRef = D2B8AD0F249BD11900C71B06 /* APIClient.swift */; };
		D2B8AD12249BD11900C71B06 /* APIRouter.swift in Sources */ = {isa = PBXBuildFile; fileRef = D2B8AD10249BD11900C71B06 /* APIRouter.swift */; };
		D2B8AD15249BD55B00C71B06 /* Constants.swift in Sources */ = {isa = PBXBuildFile; fileRef = D2B8AD14249BD55B00C71B06 /* Constants.swift */; };
		D2B8AD17249BD9AF00C71B06 /* DateFormatter.swift in Sources */ = {isa = PBXBuildFile; fileRef = D2B8AD16249BD9AF00C71B06 /* DateFormatter.swift */; };
		D2B8AD19249BDFA800C71B06 /* Response.swift in Sources */ = {isa = PBXBuildFile; fileRef = D2B8AD18249BDFA800C71B06 /* Response.swift */; };
		D2B8AD1B249BEAA900C71B06 /* ArticleListViewController.swift in Sources */ = {isa = PBXBuildFile; fileRef = D2B8AD1A249BEAA900C71B06 /* ArticleListViewController.swift */; };
		D2B8AD1D249BEBFD00C71B06 /* ArticleListPresenter.swift in Sources */ = {isa = PBXBuildFile; fileRef = D2B8AD1C249BEBFD00C71B06 /* ArticleListPresenter.swift */; };
		D2B8AD1F249BED8800C71B06 /* ArticleListService.swift in Sources */ = {isa = PBXBuildFile; fileRef = D2B8AD1E249BED8800C71B06 /* ArticleListService.swift */; };
		D2B8AD21249BEDF600C71B06 /* ArticleListView.swift in Sources */ = {isa = PBXBuildFile; fileRef = D2B8AD20249BEDF600C71B06 /* ArticleListView.swift */; };
		D2EFF5D4249BA134006C430E /* AppDelegate.swift in Sources */ = {isa = PBXBuildFile; fileRef = D2EFF5D3249BA134006C430E /* AppDelegate.swift */; };
		D2EFF5DB249BA134006C430E /* Main.storyboard in Resources */ = {isa = PBXBuildFile; fileRef = D2EFF5D9249BA134006C430E /* Main.storyboard */; };
		D2EFF5DD249BA139006C430E /* Assets.xcassets in Resources */ = {isa = PBXBuildFile; fileRef = D2EFF5DC249BA139006C430E /* Assets.xcassets */; };
		D2EFF5E0249BA139006C430E /* LaunchScreen.storyboard in Resources */ = {isa = PBXBuildFile; fileRef = D2EFF5DE249BA139006C430E /* LaunchScreen.storyboard */; };
		D2EFF5EB249BA139006C430E /* Foil_JulioNietoSantiagoTests.swift in Sources */ = {isa = PBXBuildFile; fileRef = D2EFF5EA249BA139006C430E /* Foil_JulioNietoSantiagoTests.swift */; };
		D2EFF5F6249BA139006C430E /* Foil_JulioNietoSantiagoUITests.swift in Sources */ = {isa = PBXBuildFile; fileRef = D2EFF5F5249BA139006C430E /* Foil_JulioNietoSantiagoUITests.swift */; };
		D2EFF60C249BAB9E006C430E /* Article.swift in Sources */ = {isa = PBXBuildFile; fileRef = D2EFF60B249BAB9E006C430E /* Article.swift */; };
		D2EFF60E249BB814006C430E /* Media.swift in Sources */ = {isa = PBXBuildFile; fileRef = D2EFF60D249BB814006C430E /* Media.swift */; };
/* End PBXBuildFile section */

/* Begin PBXContainerItemProxy section */
		D2EFF5E7249BA139006C430E /* PBXContainerItemProxy */ = {
			isa = PBXContainerItemProxy;
			containerPortal = D2EFF5C8249BA133006C430E /* Project object */;
			proxyType = 1;
			remoteGlobalIDString = D2EFF5CF249BA134006C430E;
			remoteInfo = Foil_JulioNietoSantiago;
		};
		D2EFF5F2249BA139006C430E /* PBXContainerItemProxy */ = {
			isa = PBXContainerItemProxy;
			containerPortal = D2EFF5C8249BA133006C430E /* Project object */;
			proxyType = 1;
			remoteGlobalIDString = D2EFF5CF249BA134006C430E;
			remoteInfo = Foil_JulioNietoSantiago;
		};
/* End PBXContainerItemProxy section */

/* Begin PBXFileReference section */
		3A1F16B666E063B3613D7907 /* Pods-Foil_JulioNietoSantiago.release.xcconfig */ = {isa = PBXFileReference; includeInIndex = 1; lastKnownFileType = text.xcconfig; name = "Pods-Foil_JulioNietoSantiago.release.xcconfig"; path = "Target Support Files/Pods-Foil_JulioNietoSantiago/Pods-Foil_JulioNietoSantiago.release.xcconfig"; sourceTree = "<group>"; };
		6B96EDC437044949250F9898 /* Pods-Foil_JulioNietoSantiago.debug.xcconfig */ = {isa = PBXFileReference; includeInIndex = 1; lastKnownFileType = text.xcconfig; name = "Pods-Foil_JulioNietoSantiago.debug.xcconfig"; path = "Target Support Files/Pods-Foil_JulioNietoSantiago/Pods-Foil_JulioNietoSantiago.debug.xcconfig"; sourceTree = "<group>"; };
		834EC4B7E311A4FD31DCC5A9 /* Pods_Foil_JulioNietoSantiago.framework */ = {isa = PBXFileReference; explicitFileType = wrapper.framework; includeInIndex = 0; path = Pods_Foil_JulioNietoSantiago.framework; sourceTree = BUILT_PRODUCTS_DIR; };
		87B1AE9EC2D14F9963EE4D8C /* Pods-Foil_JulioNietoSantiagoTests.release.xcconfig */ = {isa = PBXFileReference; includeInIndex = 1; lastKnownFileType = text.xcconfig; name = "Pods-Foil_JulioNietoSantiagoTests.release.xcconfig"; path = "Target Support Files/Pods-Foil_JulioNietoSantiagoTests/Pods-Foil_JulioNietoSantiagoTests.release.xcconfig"; sourceTree = "<group>"; };
		A470FABF3DD8BB0CDA38FC76 /* Pods-Foil_JulioNietoSantiagoTests.debug.xcconfig */ = {isa = PBXFileReference; includeInIndex = 1; lastKnownFileType = text.xcconfig; name = "Pods-Foil_JulioNietoSantiagoTests.debug.xcconfig"; path = "Target Support Files/Pods-Foil_JulioNietoSantiagoTests/Pods-Foil_JulioNietoSantiagoTests.debug.xcconfig"; sourceTree = "<group>"; };
		AE70194A3CD9EE70A156E783 /* Pods-Foil_JulioNietoSantiago-Foil_JulioNietoSantiagoUITests.release.xcconfig */ = {isa = PBXFileReference; includeInIndex = 1; lastKnownFileType = text.xcconfig; name = "Pods-Foil_JulioNietoSantiago-Foil_JulioNietoSantiagoUITests.release.xcconfig"; path = "Target Support Files/Pods-Foil_JulioNietoSantiago-Foil_JulioNietoSantiagoUITests/Pods-Foil_JulioNietoSantiago-Foil_JulioNietoSantiagoUITests.release.xcconfig"; sourceTree = "<group>"; };
		D216954A249F8D2900B9D338 /* ArticleTableViewCell.swift */ = {isa = PBXFileReference; lastKnownFileType = sourcecode.swift; path = ArticleTableViewCell.swift; sourceTree = "<group>"; };
		D216954B249F8D2900B9D338 /* ArticleTableViewCell.xib */ = {isa = PBXFileReference; lastKnownFileType = file.xib; path = ArticleTableViewCell.xib; sourceTree = "<group>"; };
		D216954F249FB06500B9D338 /* UIImageView.swift */ = {isa = PBXFileReference; lastKnownFileType = sourcecode.swift; path = UIImageView.swift; sourceTree = "<group>"; };
		D216955424A1720100B9D338 /* cheltenham-normal-200.ttf */ = {isa = PBXFileReference; lastKnownFileType = file; path = "cheltenham-normal-200.ttf"; sourceTree = "<group>"; };
		D216955524A1720100B9D338 /* cheltenham-normal-500.ttf */ = {isa = PBXFileReference; lastKnownFileType = file; path = "cheltenham-normal-500.ttf"; sourceTree = "<group>"; };
		D216955824A1735D00B9D338 /* cheltenham-normal-700.ttf */ = {isa = PBXFileReference; lastKnownFileType = file; path = "cheltenham-normal-700.ttf"; sourceTree = "<group>"; };
		D216956024A246CD00B9D338 /* Coordinator.swift */ = {isa = PBXFileReference; lastKnownFileType = sourcecode.swift; path = Coordinator.swift; sourceTree = "<group>"; };
		D216956224A246D800B9D338 /* AppCoordinator.swift */ = {isa = PBXFileReference; lastKnownFileType = sourcecode.swift; path = AppCoordinator.swift; sourceTree = "<group>"; };
		D216956424A246ED00B9D338 /* ArticlesCoordinator.swift */ = {isa = PBXFileReference; lastKnownFileType = sourcecode.swift; path = ArticlesCoordinator.swift; sourceTree = "<group>"; };
		D25E1EED24A252B400A8FA35 /* ArticlePresenter.swift */ = {isa = PBXFileReference; lastKnownFileType = sourcecode.swift; path = ArticlePresenter.swift; sourceTree = "<group>"; };
		D25E1EEF24A252C000A8FA35 /* ArticleView.swift */ = {isa = PBXFileReference; lastKnownFileType = sourcecode.swift; path = ArticleView.swift; sourceTree = "<group>"; };
		D25E1EF124A252D000A8FA35 /* ArticleViewController.swift */ = {isa = PBXFileReference; lastKnownFileType = sourcecode.swift; path = ArticleViewController.swift; sourceTree = "<group>"; };
		D25E1EF524A34C2600A8FA35 /* cheltenham-cond-normal-700.ttf */ = {isa = PBXFileReference; lastKnownFileType = file; path = "cheltenham-cond-normal-700.ttf"; sourceTree = "<group>"; };
		D25E1EF724A34E0D00A8FA35 /* magslab-normal-700.ttf */ = {isa = PBXFileReference; lastKnownFileType = file; path = "magslab-normal-700.ttf"; sourceTree = "<group>"; };
		D25E1EF924A351CB00A8FA35 /* magsans-normal-500.ttf */ = {isa = PBXFileReference; lastKnownFileType = file; path = "magsans-normal-500.ttf"; sourceTree = "<group>"; };
		D25E1EFB24A3CF9A00A8FA35 /* magsans-normal-700.ttf */ = {isa = PBXFileReference; lastKnownFileType = file; path = "magsans-normal-700.ttf"; sourceTree = "<group>"; };
		D25E1EFD24A3D2B200A8FA35 /* imperial-normal-500.ttf */ = {isa = PBXFileReference; lastKnownFileType = file; path = "imperial-normal-500.ttf"; sourceTree = "<group>"; };
		D25E1EFF24A4113900A8FA35 /* String.swift */ = {isa = PBXFileReference; lastKnownFileType = sourcecode.swift; path = String.swift; sourceTree = "<group>"; };
		D25E1F0124A413DE00A8FA35 /* UITextView.swift */ = {isa = PBXFileReference; lastKnownFileType = sourcecode.swift; path = UITextView.swift; sourceTree = "<group>"; };
		D25E1F0324A579DC00A8FA35 /* README.md */ = {isa = PBXFileReference; lastKnownFileType = net.daringfireball.markdown; path = README.md; sourceTree = "<group>"; };
		D2B8AD0F249BD11900C71B06 /* APIClient.swift */ = {isa = PBXFileReference; fileEncoding = 4; lastKnownFileType = sourcecode.swift; path = APIClient.swift; sourceTree = "<group>"; };
		D2B8AD10249BD11900C71B06 /* APIRouter.swift */ = {isa = PBXFileReference; fileEncoding = 4; lastKnownFileType = sourcecode.swift; path = APIRouter.swift; sourceTree = "<group>"; };
		D2B8AD14249BD55B00C71B06 /* Constants.swift */ = {isa = PBXFileReference; lastKnownFileType = sourcecode.swift; path = Constants.swift; sourceTree = "<group>"; };
		D2B8AD16249BD9AF00C71B06 /* DateFormatter.swift */ = {isa = PBXFileReference; fileEncoding = 4; lastKnownFileType = sourcecode.swift; path = DateFormatter.swift; sourceTree = "<group>"; };
		D2B8AD18249BDFA800C71B06 /* Response.swift */ = {isa = PBXFileReference; lastKnownFileType = sourcecode.swift; path = Response.swift; sourceTree = "<group>"; };
		D2B8AD1A249BEAA900C71B06 /* ArticleListViewController.swift */ = {isa = PBXFileReference; lastKnownFileType = sourcecode.swift; path = ArticleListViewController.swift; sourceTree = "<group>"; };
		D2B8AD1C249BEBFD00C71B06 /* ArticleListPresenter.swift */ = {isa = PBXFileReference; lastKnownFileType = sourcecode.swift; path = ArticleListPresenter.swift; sourceTree = "<group>"; };
		D2B8AD1E249BED8800C71B06 /* ArticleListService.swift */ = {isa = PBXFileReference; lastKnownFileType = sourcecode.swift; path = ArticleListService.swift; sourceTree = "<group>"; };
		D2B8AD20249BEDF600C71B06 /* ArticleListView.swift */ = {isa = PBXFileReference; lastKnownFileType = sourcecode.swift; path = ArticleListView.swift; sourceTree = "<group>"; };
		D2EFF5D0249BA134006C430E /* Foil_JulioNietoSantiago.app */ = {isa = PBXFileReference; explicitFileType = wrapper.application; includeInIndex = 0; path = Foil_JulioNietoSantiago.app; sourceTree = BUILT_PRODUCTS_DIR; };
		D2EFF5D3249BA134006C430E /* AppDelegate.swift */ = {isa = PBXFileReference; lastKnownFileType = sourcecode.swift; path = AppDelegate.swift; sourceTree = "<group>"; };
		D2EFF5DA249BA134006C430E /* Base */ = {isa = PBXFileReference; lastKnownFileType = file.storyboard; name = Base; path = Base.lproj/Main.storyboard; sourceTree = "<group>"; };
		D2EFF5DC249BA139006C430E /* Assets.xcassets */ = {isa = PBXFileReference; lastKnownFileType = folder.assetcatalog; path = Assets.xcassets; sourceTree = "<group>"; };
		D2EFF5DF249BA139006C430E /* Base */ = {isa = PBXFileReference; lastKnownFileType = file.storyboard; name = Base; path = Base.lproj/LaunchScreen.storyboard; sourceTree = "<group>"; };
		D2EFF5E1249BA139006C430E /* Info.plist */ = {isa = PBXFileReference; lastKnownFileType = text.plist.xml; path = Info.plist; sourceTree = "<group>"; };
		D2EFF5E6249BA139006C430E /* Foil_JulioNietoSantiagoTests.xctest */ = {isa = PBXFileReference; explicitFileType = wrapper.cfbundle; includeInIndex = 0; path = Foil_JulioNietoSantiagoTests.xctest; sourceTree = BUILT_PRODUCTS_DIR; };
		D2EFF5EA249BA139006C430E /* Foil_JulioNietoSantiagoTests.swift */ = {isa = PBXFileReference; lastKnownFileType = sourcecode.swift; path = Foil_JulioNietoSantiagoTests.swift; sourceTree = "<group>"; };
		D2EFF5EC249BA139006C430E /* Info.plist */ = {isa = PBXFileReference; lastKnownFileType = text.plist.xml; path = Info.plist; sourceTree = "<group>"; };
		D2EFF5F1249BA139006C430E /* Foil_JulioNietoSantiagoUITests.xctest */ = {isa = PBXFileReference; explicitFileType = wrapper.cfbundle; includeInIndex = 0; path = Foil_JulioNietoSantiagoUITests.xctest; sourceTree = BUILT_PRODUCTS_DIR; };
		D2EFF5F5249BA139006C430E /* Foil_JulioNietoSantiagoUITests.swift */ = {isa = PBXFileReference; lastKnownFileType = sourcecode.swift; path = Foil_JulioNietoSantiagoUITests.swift; sourceTree = "<group>"; };
		D2EFF5F7249BA139006C430E /* Info.plist */ = {isa = PBXFileReference; lastKnownFileType = text.plist.xml; path = Info.plist; sourceTree = "<group>"; };
		D2EFF60B249BAB9E006C430E /* Article.swift */ = {isa = PBXFileReference; lastKnownFileType = sourcecode.swift; path = Article.swift; sourceTree = "<group>"; };
		D2EFF60D249BB814006C430E /* Media.swift */ = {isa = PBXFileReference; lastKnownFileType = sourcecode.swift; path = Media.swift; sourceTree = "<group>"; };
		D7CF28FFBA770B47C2624435 /* Pods-Foil_JulioNietoSantiago-Foil_JulioNietoSantiagoUITests.debug.xcconfig */ = {isa = PBXFileReference; includeInIndex = 1; lastKnownFileType = text.xcconfig; name = "Pods-Foil_JulioNietoSantiago-Foil_JulioNietoSantiagoUITests.debug.xcconfig"; path = "Target Support Files/Pods-Foil_JulioNietoSantiago-Foil_JulioNietoSantiagoUITests/Pods-Foil_JulioNietoSantiago-Foil_JulioNietoSantiagoUITests.debug.xcconfig"; sourceTree = "<group>"; };
		F389958DDCE98FD81182E5E6 /* Pods_Foil_JulioNietoSantiago_Foil_JulioNietoSantiagoUITests.framework */ = {isa = PBXFileReference; explicitFileType = wrapper.framework; includeInIndex = 0; path = Pods_Foil_JulioNietoSantiago_Foil_JulioNietoSantiagoUITests.framework; sourceTree = BUILT_PRODUCTS_DIR; };
		FC9717FDFA639E09B17450C5 /* Pods_Foil_JulioNietoSantiagoTests.framework */ = {isa = PBXFileReference; explicitFileType = wrapper.framework; includeInIndex = 0; path = Pods_Foil_JulioNietoSantiagoTests.framework; sourceTree = BUILT_PRODUCTS_DIR; };
/* End PBXFileReference section */

/* Begin PBXFrameworksBuildPhase section */
		D2EFF5CD249BA134006C430E /* Frameworks */ = {
			isa = PBXFrameworksBuildPhase;
			buildActionMask = 2147483647;
			files = (
				C60D9B53C108C9A1B3F9C2B0 /* Pods_Foil_JulioNietoSantiago.framework in Frameworks */,
			);
			runOnlyForDeploymentPostprocessing = 0;
		};
		D2EFF5E3249BA139006C430E /* Frameworks */ = {
			isa = PBXFrameworksBuildPhase;
			buildActionMask = 2147483647;
			files = (
				A4DD04ADC51FF256B7F6644A /* Pods_Foil_JulioNietoSantiagoTests.framework in Frameworks */,
			);
			runOnlyForDeploymentPostprocessing = 0;
		};
		D2EFF5EE249BA139006C430E /* Frameworks */ = {
			isa = PBXFrameworksBuildPhase;
			buildActionMask = 2147483647;
			files = (
				57AD6E51AE5EEDABFCDD0F4F /* Pods_Foil_JulioNietoSantiago_Foil_JulioNietoSantiagoUITests.framework in Frameworks */,
			);
			runOnlyForDeploymentPostprocessing = 0;
		};
/* End PBXFrameworksBuildPhase section */

/* Begin PBXGroup section */
		D2169549249F8B1A00B9D338 /* UI */ = {
			isa = PBXGroup;
			children = (
				D216954A249F8D2900B9D338 /* ArticleTableViewCell.swift */,
				D216954B249F8D2900B9D338 /* ArticleTableViewCell.xib */,
			);
			path = UI;
			sourceTree = "<group>";
		};
		D216954E249FB04700B9D338 /* Extension */ = {
			isa = PBXGroup;
			children = (
				D216954F249FB06500B9D338 /* UIImageView.swift */,
				D25E1EFF24A4113900A8FA35 /* String.swift */,
				D25E1F0124A413DE00A8FA35 /* UITextView.swift */,
				D2B8AD16249BD9AF00C71B06 /* DateFormatter.swift */,
			);
			path = Extension;
			sourceTree = "<group>";
		};
		D216955124A16BE700B9D338 /* Fonts */ = {
			isa = PBXGroup;
			children = (
				D216955424A1720100B9D338 /* cheltenham-normal-200.ttf */,
				D216955524A1720100B9D338 /* cheltenham-normal-500.ttf */,
				D216955824A1735D00B9D338 /* cheltenham-normal-700.ttf */,
				D25E1EF524A34C2600A8FA35 /* cheltenham-cond-normal-700.ttf */,
				D25E1EF724A34E0D00A8FA35 /* magslab-normal-700.ttf */,
				D25E1EF924A351CB00A8FA35 /* magsans-normal-500.ttf */,
				D25E1EFB24A3CF9A00A8FA35 /* magsans-normal-700.ttf */,
				D25E1EFD24A3D2B200A8FA35 /* imperial-normal-500.ttf */,
			);
			path = Fonts;
			sourceTree = "<group>";
		};
		D216955C24A2466600B9D338 /* Articles */ = {
			isa = PBXGroup;
			children = (
				D2EFF60A249BAB28006C430E /* ArticleList */,
				D2EFF609249BAAE9006C430E /* Article */,
				D216956424A246ED00B9D338 /* ArticlesCoordinator.swift */,
			);
			path = Articles;
			sourceTree = "<group>";
		};
		D216955F24A246AD00B9D338 /* App */ = {
			isa = PBXGroup;
			children = (
				D2EFF5D3249BA134006C430E /* AppDelegate.swift */,
				D216956024A246CD00B9D338 /* Coordinator.swift */,
				D216956224A246D800B9D338 /* AppCoordinator.swift */,
				D2B8AD14249BD55B00C71B06 /* Constants.swift */,
			);
			path = App;
			sourceTree = "<group>";
		};
		D2B8AD13249BD54800C71B06 /* Resources */ = {
			isa = PBXGroup;
			children = (
				D216955124A16BE700B9D338 /* Fonts */,
				D216954E249FB04700B9D338 /* Extension */,
				D2169549249F8B1A00B9D338 /* UI */,
			);
			path = Resources;
			sourceTree = "<group>";
		};
		D2EFF5C7249BA133006C430E = {
			isa = PBXGroup;
			children = (
				D25E1F0324A579DC00A8FA35 /* README.md */,
				D2EFF5D2249BA134006C430E /* Foil_JulioNietoSantiago */,
				D2EFF5E9249BA139006C430E /* Foil_JulioNietoSantiagoTests */,
				D2EFF5F4249BA139006C430E /* Foil_JulioNietoSantiagoUITests */,
				D2EFF5D1249BA134006C430E /* Products */,
				FC267F505C95C5932B9BA664 /* Pods */,
				E5CC1CF99E82A66CDAFE8613 /* Frameworks */,
			);
			sourceTree = "<group>";
		};
		D2EFF5D1249BA134006C430E /* Products */ = {
			isa = PBXGroup;
			children = (
				D2EFF5D0249BA134006C430E /* Foil_JulioNietoSantiago.app */,
				D2EFF5E6249BA139006C430E /* Foil_JulioNietoSantiagoTests.xctest */,
				D2EFF5F1249BA139006C430E /* Foil_JulioNietoSantiagoUITests.xctest */,
			);
			name = Products;
			sourceTree = "<group>";
		};
		D2EFF5D2249BA134006C430E /* Foil_JulioNietoSantiago */ = {
			isa = PBXGroup;
			children = (
				D216955F24A246AD00B9D338 /* App */,
				D2B8AD13249BD54800C71B06 /* Resources */,
				D2EFF603249BAA23006C430E /* Scenes */,
				D2EFF606249BAA85006C430E /* Networking */,
				D2EFF5D9249BA134006C430E /* Main.storyboard */,
				D2EFF5DC249BA139006C430E /* Assets.xcassets */,
				D2EFF5DE249BA139006C430E /* LaunchScreen.storyboard */,
				D2EFF5E1249BA139006C430E /* Info.plist */,
			);
			path = Foil_JulioNietoSantiago;
			sourceTree = "<group>";
		};
		D2EFF5E9249BA139006C430E /* Foil_JulioNietoSantiagoTests */ = {
			isa = PBXGroup;
			children = (
				D2EFF5EA249BA139006C430E /* Foil_JulioNietoSantiagoTests.swift */,
				D2EFF5EC249BA139006C430E /* Info.plist */,
			);
			path = Foil_JulioNietoSantiagoTests;
			sourceTree = "<group>";
		};
		D2EFF5F4249BA139006C430E /* Foil_JulioNietoSantiagoUITests */ = {
			isa = PBXGroup;
			children = (
				D2EFF5F5249BA139006C430E /* Foil_JulioNietoSantiagoUITests.swift */,
				D2EFF5F7249BA139006C430E /* Info.plist */,
			);
			path = Foil_JulioNietoSantiagoUITests;
			sourceTree = "<group>";
		};
		D2EFF603249BAA23006C430E /* Scenes */ = {
			isa = PBXGroup;
			children = (
				D216955C24A2466600B9D338 /* Articles */,
			);
			path = Scenes;
			sourceTree = "<group>";
		};
		D2EFF606249BAA85006C430E /* Networking */ = {
			isa = PBXGroup;
			children = (
				D2EFF608249BAAC7006C430E /* Models */,
				D2EFF607249BAAB6006C430E /* APIClient */,
			);
			path = Networking;
			sourceTree = "<group>";
		};
		D2EFF607249BAAB6006C430E /* APIClient */ = {
			isa = PBXGroup;
			children = (
				D2B8AD0F249BD11900C71B06 /* APIClient.swift */,
				D2B8AD10249BD11900C71B06 /* APIRouter.swift */,
			);
			path = APIClient;
			sourceTree = "<group>";
		};
		D2EFF608249BAAC7006C430E /* Models */ = {
			isa = PBXGroup;
			children = (
				D2B8AD18249BDFA800C71B06 /* Response.swift */,
				D2EFF60B249BAB9E006C430E /* Article.swift */,
				D2EFF60D249BB814006C430E /* Media.swift */,
			);
			path = Models;
			sourceTree = "<group>";
		};
		D2EFF609249BAAE9006C430E /* Article */ = {
			isa = PBXGroup;
			children = (
				D25E1EF124A252D000A8FA35 /* ArticleViewController.swift */,
				D25E1EED24A252B400A8FA35 /* ArticlePresenter.swift */,
				D25E1EEF24A252C000A8FA35 /* ArticleView.swift */,
			);
			path = Article;
			sourceTree = "<group>";
		};
		D2EFF60A249BAB28006C430E /* ArticleList */ = {
			isa = PBXGroup;
			children = (
				D2B8AD1A249BEAA900C71B06 /* ArticleListViewController.swift */,
				D2B8AD1C249BEBFD00C71B06 /* ArticleListPresenter.swift */,
				D2B8AD20249BEDF600C71B06 /* ArticleListView.swift */,
				D2B8AD1E249BED8800C71B06 /* ArticleListService.swift */,
			);
			path = ArticleList;
			sourceTree = "<group>";
		};
		E5CC1CF99E82A66CDAFE8613 /* Frameworks */ = {
			isa = PBXGroup;
			children = (
				834EC4B7E311A4FD31DCC5A9 /* Pods_Foil_JulioNietoSantiago.framework */,
				F389958DDCE98FD81182E5E6 /* Pods_Foil_JulioNietoSantiago_Foil_JulioNietoSantiagoUITests.framework */,
				FC9717FDFA639E09B17450C5 /* Pods_Foil_JulioNietoSantiagoTests.framework */,
			);
			name = Frameworks;
			sourceTree = "<group>";
		};
		FC267F505C95C5932B9BA664 /* Pods */ = {
			isa = PBXGroup;
			children = (
				6B96EDC437044949250F9898 /* Pods-Foil_JulioNietoSantiago.debug.xcconfig */,
				3A1F16B666E063B3613D7907 /* Pods-Foil_JulioNietoSantiago.release.xcconfig */,
				D7CF28FFBA770B47C2624435 /* Pods-Foil_JulioNietoSantiago-Foil_JulioNietoSantiagoUITests.debug.xcconfig */,
				AE70194A3CD9EE70A156E783 /* Pods-Foil_JulioNietoSantiago-Foil_JulioNietoSantiagoUITests.release.xcconfig */,
				A470FABF3DD8BB0CDA38FC76 /* Pods-Foil_JulioNietoSantiagoTests.debug.xcconfig */,
				87B1AE9EC2D14F9963EE4D8C /* Pods-Foil_JulioNietoSantiagoTests.release.xcconfig */,
			);
			path = Pods;
			sourceTree = "<group>";
		};
/* End PBXGroup section */

/* Begin PBXNativeTarget section */
		D2EFF5CF249BA134006C430E /* Foil_JulioNietoSantiago */ = {
			isa = PBXNativeTarget;
			buildConfigurationList = D2EFF5FA249BA139006C430E /* Build configuration list for PBXNativeTarget "Foil_JulioNietoSantiago" */;
			buildPhases = (
				660281829D1D54C9710FB104 /* [CP] Check Pods Manifest.lock */,
				D2EFF5CC249BA134006C430E /* Sources */,
				D2EFF5CD249BA134006C430E /* Frameworks */,
				D2EFF5CE249BA134006C430E /* Resources */,
				AA37438F59B0EDA3A40DEDBC /* [CP] Embed Pods Frameworks */,
			);
			buildRules = (
			);
			dependencies = (
			);
			name = Foil_JulioNietoSantiago;
			productName = Foil_JulioNietoSantiago;
			productReference = D2EFF5D0249BA134006C430E /* Foil_JulioNietoSantiago.app */;
			productType = "com.apple.product-type.application";
		};
		D2EFF5E5249BA139006C430E /* Foil_JulioNietoSantiagoTests */ = {
			isa = PBXNativeTarget;
			buildConfigurationList = D2EFF5FD249BA139006C430E /* Build configuration list for PBXNativeTarget "Foil_JulioNietoSantiagoTests" */;
			buildPhases = (
				F9F086D2299E25A2B1D951E8 /* [CP] Check Pods Manifest.lock */,
				D2EFF5E2249BA139006C430E /* Sources */,
				D2EFF5E3249BA139006C430E /* Frameworks */,
				D2EFF5E4249BA139006C430E /* Resources */,
			);
			buildRules = (
			);
			dependencies = (
				D2EFF5E8249BA139006C430E /* PBXTargetDependency */,
			);
			name = Foil_JulioNietoSantiagoTests;
			productName = Foil_JulioNietoSantiagoTests;
			productReference = D2EFF5E6249BA139006C430E /* Foil_JulioNietoSantiagoTests.xctest */;
			productType = "com.apple.product-type.bundle.unit-test";
		};
		D2EFF5F0249BA139006C430E /* Foil_JulioNietoSantiagoUITests */ = {
			isa = PBXNativeTarget;
			buildConfigurationList = D2EFF600249BA139006C430E /* Build configuration list for PBXNativeTarget "Foil_JulioNietoSantiagoUITests" */;
			buildPhases = (
				6EABA63768975DB86128574E /* [CP] Check Pods Manifest.lock */,
				D2EFF5ED249BA139006C430E /* Sources */,
				D2EFF5EE249BA139006C430E /* Frameworks */,
				D2EFF5EF249BA139006C430E /* Resources */,
				B4543EA214CFEEFB53104402 /* [CP] Embed Pods Frameworks */,
			);
			buildRules = (
			);
			dependencies = (
				D2EFF5F3249BA139006C430E /* PBXTargetDependency */,
			);
			name = Foil_JulioNietoSantiagoUITests;
			productName = Foil_JulioNietoSantiagoUITests;
			productReference = D2EFF5F1249BA139006C430E /* Foil_JulioNietoSantiagoUITests.xctest */;
			productType = "com.apple.product-type.bundle.ui-testing";
		};
/* End PBXNativeTarget section */

/* Begin PBXProject section */
		D2EFF5C8249BA133006C430E /* Project object */ = {
			isa = PBXProject;
			attributes = {
				LastSwiftUpdateCheck = 1150;
				LastUpgradeCheck = 1150;
				ORGANIZATIONNAME = "Julio Nieto Santiago";
				TargetAttributes = {
					D2EFF5CF249BA134006C430E = {
						CreatedOnToolsVersion = 11.5;
					};
					D2EFF5E5249BA139006C430E = {
						CreatedOnToolsVersion = 11.5;
						TestTargetID = D2EFF5CF249BA134006C430E;
					};
					D2EFF5F0249BA139006C430E = {
						CreatedOnToolsVersion = 11.5;
						TestTargetID = D2EFF5CF249BA134006C430E;
					};
				};
			};
			buildConfigurationList = D2EFF5CB249BA133006C430E /* Build configuration list for PBXProject "Foil_JulioNietoSantiago" */;
			compatibilityVersion = "Xcode 9.3";
			developmentRegion = en;
			hasScannedForEncodings = 0;
			knownRegions = (
				en,
				Base,
			);
			mainGroup = D2EFF5C7249BA133006C430E;
			productRefGroup = D2EFF5D1249BA134006C430E /* Products */;
			projectDirPath = "";
			projectRoot = "";
			targets = (
				D2EFF5CF249BA134006C430E /* Foil_JulioNietoSantiago */,
				D2EFF5E5249BA139006C430E /* Foil_JulioNietoSantiagoTests */,
				D2EFF5F0249BA139006C430E /* Foil_JulioNietoSantiagoUITests */,
			);
		};
/* End PBXProject section */

/* Begin PBXResourcesBuildPhase section */
		D2EFF5CE249BA134006C430E /* Resources */ = {
			isa = PBXResourcesBuildPhase;
			buildActionMask = 2147483647;
			files = (
				D216954D249F8D2900B9D338 /* ArticleTableViewCell.xib in Resources */,
				D2EFF5E0249BA139006C430E /* LaunchScreen.storyboard in Resources */,
				D2EFF5DD249BA139006C430E /* Assets.xcassets in Resources */,
				D216955924A1735D00B9D338 /* cheltenham-normal-700.ttf in Resources */,
				D2EFF5DB249BA134006C430E /* Main.storyboard in Resources */,
				D216955624A1720100B9D338 /* cheltenham-normal-200.ttf in Resources */,
				D25E1EFA24A351CB00A8FA35 /* magsans-normal-500.ttf in Resources */,
				D25E1EF824A34E0D00A8FA35 /* magslab-normal-700.ttf in Resources */,
				D25E1EFC24A3CF9A00A8FA35 /* magsans-normal-700.ttf in Resources */,
				D25E1EF624A34C2600A8FA35 /* cheltenham-cond-normal-700.ttf in Resources */,
				D25E1EFE24A3D2B200A8FA35 /* imperial-normal-500.ttf in Resources */,
				D216955724A1720100B9D338 /* cheltenham-normal-500.ttf in Resources */,
			);
			runOnlyForDeploymentPostprocessing = 0;
		};
		D2EFF5E4249BA139006C430E /* Resources */ = {
			isa = PBXResourcesBuildPhase;
			buildActionMask = 2147483647;
			files = (
			);
			runOnlyForDeploymentPostprocessing = 0;
		};
		D2EFF5EF249BA139006C430E /* Resources */ = {
			isa = PBXResourcesBuildPhase;
			buildActionMask = 2147483647;
			files = (
			);
			runOnlyForDeploymentPostprocessing = 0;
		};
/* End PBXResourcesBuildPhase section */

/* Begin PBXShellScriptBuildPhase section */
		660281829D1D54C9710FB104 /* [CP] Check Pods Manifest.lock */ = {
			isa = PBXShellScriptBuildPhase;
			buildActionMask = 2147483647;
			files = (
			);
			inputFileListPaths = (
			);
			inputPaths = (
				"${PODS_PODFILE_DIR_PATH}/Podfile.lock",
				"${PODS_ROOT}/Manifest.lock",
			);
			name = "[CP] Check Pods Manifest.lock";
			outputFileListPaths = (
			);
			outputPaths = (
				"$(DERIVED_FILE_DIR)/Pods-Foil_JulioNietoSantiago-checkManifestLockResult.txt",
			);
			runOnlyForDeploymentPostprocessing = 0;
			shellPath = /bin/sh;
			shellScript = "diff \"${PODS_PODFILE_DIR_PATH}/Podfile.lock\" \"${PODS_ROOT}/Manifest.lock\" > /dev/null\nif [ $? != 0 ] ; then\n    # print error to STDERR\n    echo \"error: The sandbox is not in sync with the Podfile.lock. Run 'pod install' or update your CocoaPods installation.\" >&2\n    exit 1\nfi\n# This output is used by Xcode 'outputs' to avoid re-running this script phase.\necho \"SUCCESS\" > \"${SCRIPT_OUTPUT_FILE_0}\"\n";
			showEnvVarsInLog = 0;
		};
		6EABA63768975DB86128574E /* [CP] Check Pods Manifest.lock */ = {
			isa = PBXShellScriptBuildPhase;
			buildActionMask = 2147483647;
			files = (
			);
			inputFileListPaths = (
			);
			inputPaths = (
				"${PODS_PODFILE_DIR_PATH}/Podfile.lock",
				"${PODS_ROOT}/Manifest.lock",
			);
			name = "[CP] Check Pods Manifest.lock";
			outputFileListPaths = (
			);
			outputPaths = (
				"$(DERIVED_FILE_DIR)/Pods-Foil_JulioNietoSantiago-Foil_JulioNietoSantiagoUITests-checkManifestLockResult.txt",
			);
			runOnlyForDeploymentPostprocessing = 0;
			shellPath = /bin/sh;
			shellScript = "diff \"${PODS_PODFILE_DIR_PATH}/Podfile.lock\" \"${PODS_ROOT}/Manifest.lock\" > /dev/null\nif [ $? != 0 ] ; then\n    # print error to STDERR\n    echo \"error: The sandbox is not in sync with the Podfile.lock. Run 'pod install' or update your CocoaPods installation.\" >&2\n    exit 1\nfi\n# This output is used by Xcode 'outputs' to avoid re-running this script phase.\necho \"SUCCESS\" > \"${SCRIPT_OUTPUT_FILE_0}\"\n";
			showEnvVarsInLog = 0;
		};
		AA37438F59B0EDA3A40DEDBC /* [CP] Embed Pods Frameworks */ = {
			isa = PBXShellScriptBuildPhase;
			buildActionMask = 2147483647;
			files = (
			);
			inputFileListPaths = (
				"${PODS_ROOT}/Target Support Files/Pods-Foil_JulioNietoSantiago/Pods-Foil_JulioNietoSantiago-frameworks-${CONFIGURATION}-input-files.xcfilelist",
			);
			name = "[CP] Embed Pods Frameworks";
			outputFileListPaths = (
				"${PODS_ROOT}/Target Support Files/Pods-Foil_JulioNietoSantiago/Pods-Foil_JulioNietoSantiago-frameworks-${CONFIGURATION}-output-files.xcfilelist",
			);
			runOnlyForDeploymentPostprocessing = 0;
			shellPath = /bin/sh;
			shellScript = "\"${PODS_ROOT}/Target Support Files/Pods-Foil_JulioNietoSantiago/Pods-Foil_JulioNietoSantiago-frameworks.sh\"\n";
			showEnvVarsInLog = 0;
		};
		B4543EA214CFEEFB53104402 /* [CP] Embed Pods Frameworks */ = {
			isa = PBXShellScriptBuildPhase;
			buildActionMask = 2147483647;
			files = (
			);
			inputFileListPaths = (
				"${PODS_ROOT}/Target Support Files/Pods-Foil_JulioNietoSantiago-Foil_JulioNietoSantiagoUITests/Pods-Foil_JulioNietoSantiago-Foil_JulioNietoSantiagoUITests-frameworks-${CONFIGURATION}-input-files.xcfilelist",
			);
			name = "[CP] Embed Pods Frameworks";
			outputFileListPaths = (
				"${PODS_ROOT}/Target Support Files/Pods-Foil_JulioNietoSantiago-Foil_JulioNietoSantiagoUITests/Pods-Foil_JulioNietoSantiago-Foil_JulioNietoSantiagoUITests-frameworks-${CONFIGURATION}-output-files.xcfilelist",
			);
			runOnlyForDeploymentPostprocessing = 0;
			shellPath = /bin/sh;
			shellScript = "\"${PODS_ROOT}/Target Support Files/Pods-Foil_JulioNietoSantiago-Foil_JulioNietoSantiagoUITests/Pods-Foil_JulioNietoSantiago-Foil_JulioNietoSantiagoUITests-frameworks.sh\"\n";
			showEnvVarsInLog = 0;
		};
		F9F086D2299E25A2B1D951E8 /* [CP] Check Pods Manifest.lock */ = {
			isa = PBXShellScriptBuildPhase;
			buildActionMask = 2147483647;
			files = (
			);
			inputFileListPaths = (
			);
			inputPaths = (
				"${PODS_PODFILE_DIR_PATH}/Podfile.lock",
				"${PODS_ROOT}/Manifest.lock",
			);
			name = "[CP] Check Pods Manifest.lock";
			outputFileListPaths = (
			);
			outputPaths = (
				"$(DERIVED_FILE_DIR)/Pods-Foil_JulioNietoSantiagoTests-checkManifestLockResult.txt",
			);
			runOnlyForDeploymentPostprocessing = 0;
			shellPath = /bin/sh;
			shellScript = "diff \"${PODS_PODFILE_DIR_PATH}/Podfile.lock\" \"${PODS_ROOT}/Manifest.lock\" > /dev/null\nif [ $? != 0 ] ; then\n    # print error to STDERR\n    echo \"error: The sandbox is not in sync with the Podfile.lock. Run 'pod install' or update your CocoaPods installation.\" >&2\n    exit 1\nfi\n# This output is used by Xcode 'outputs' to avoid re-running this script phase.\necho \"SUCCESS\" > \"${SCRIPT_OUTPUT_FILE_0}\"\n";
			showEnvVarsInLog = 0;
		};
/* End PBXShellScriptBuildPhase section */

/* Begin PBXSourcesBuildPhase section */
		D2EFF5CC249BA134006C430E /* Sources */ = {
			isa = PBXSourcesBuildPhase;
			buildActionMask = 2147483647;
			files = (
				D2B8AD17249BD9AF00C71B06 /* DateFormatter.swift in Sources */,
				D2169550249FB06500B9D338 /* UIImageView.swift in Sources */,
				D2B8AD12249BD11900C71B06 /* APIRouter.swift in Sources */,
				D2EFF5D4249BA134006C430E /* AppDelegate.swift in Sources */,
				D2B8AD1D249BEBFD00C71B06 /* ArticleListPresenter.swift in Sources */,
				D25E1EEE24A252B400A8FA35 /* ArticlePresenter.swift in Sources */,
				D25E1EF024A252C000A8FA35 /* ArticleView.swift in Sources */,
				D216956324A246D800B9D338 /* AppCoordinator.swift in Sources */,
				D2B8AD21249BEDF600C71B06 /* ArticleListView.swift in Sources */,
				D2B8AD19249BDFA800C71B06 /* Response.swift in Sources */,
				D2EFF60E249BB814006C430E /* Media.swift in Sources */,
				D25E1F0024A4113900A8FA35 /* String.swift in Sources */,
				D216956124A246CD00B9D338 /* Coordinator.swift in Sources */,
				D2B8AD15249BD55B00C71B06 /* Constants.swift in Sources */,
				D2B8AD1F249BED8800C71B06 /* ArticleListService.swift in Sources */,
				D2B8AD1B249BEAA900C71B06 /* ArticleListViewController.swift in Sources */,
				D25E1EF224A252D000A8FA35 /* ArticleViewController.swift in Sources */,
				D2B8AD11249BD11900C71B06 /* APIClient.swift in Sources */,
				D216956524A246ED00B9D338 /* ArticlesCoordinator.swift in Sources */,
				D216954C249F8D2900B9D338 /* ArticleTableViewCell.swift in Sources */,
				D2EFF60C249BAB9E006C430E /* Article.swift in Sources */,
				D25E1F0224A413DE00A8FA35 /* UITextView.swift in Sources */,
			);
			runOnlyForDeploymentPostprocessing = 0;
		};
		D2EFF5E2249BA139006C430E /* Sources */ = {
			isa = PBXSourcesBuildPhase;
			buildActionMask = 2147483647;
			files = (
				D2EFF5EB249BA139006C430E /* Foil_JulioNietoSantiagoTests.swift in Sources */,
			);
			runOnlyForDeploymentPostprocessing = 0;
		};
		D2EFF5ED249BA139006C430E /* Sources */ = {
			isa = PBXSourcesBuildPhase;
			buildActionMask = 2147483647;
			files = (
				D2EFF5F6249BA139006C430E /* Foil_JulioNietoSantiagoUITests.swift in Sources */,
			);
			runOnlyForDeploymentPostprocessing = 0;
		};
/* End PBXSourcesBuildPhase section */

/* Begin PBXTargetDependency section */
		D2EFF5E8249BA139006C430E /* PBXTargetDependency */ = {
			isa = PBXTargetDependency;
			target = D2EFF5CF249BA134006C430E /* Foil_JulioNietoSantiago */;
			targetProxy = D2EFF5E7249BA139006C430E /* PBXContainerItemProxy */;
		};
		D2EFF5F3249BA139006C430E /* PBXTargetDependency */ = {
			isa = PBXTargetDependency;
			target = D2EFF5CF249BA134006C430E /* Foil_JulioNietoSantiago */;
			targetProxy = D2EFF5F2249BA139006C430E /* PBXContainerItemProxy */;
		};
/* End PBXTargetDependency section */

/* Begin PBXVariantGroup section */
		D2EFF5D9249BA134006C430E /* Main.storyboard */ = {
			isa = PBXVariantGroup;
			children = (
				D2EFF5DA249BA134006C430E /* Base */,
			);
			name = Main.storyboard;
			sourceTree = "<group>";
		};
		D2EFF5DE249BA139006C430E /* LaunchScreen.storyboard */ = {
			isa = PBXVariantGroup;
			children = (
				D2EFF5DF249BA139006C430E /* Base */,
			);
			name = LaunchScreen.storyboard;
			sourceTree = "<group>";
		};
/* End PBXVariantGroup section */

/* Begin XCBuildConfiguration section */
		D2EFF5F8249BA139006C430E /* Debug */ = {
			isa = XCBuildConfiguration;
			buildSettings = {
				ALWAYS_SEARCH_USER_PATHS = NO;
				CLANG_ANALYZER_NONNULL = YES;
				CLANG_ANALYZER_NUMBER_OBJECT_CONVERSION = YES_AGGRESSIVE;
				CLANG_CXX_LANGUAGE_STANDARD = "gnu++14";
				CLANG_CXX_LIBRARY = "libc++";
				CLANG_ENABLE_MODULES = YES;
				CLANG_ENABLE_OBJC_ARC = YES;
				CLANG_ENABLE_OBJC_WEAK = YES;
				CLANG_WARN_BLOCK_CAPTURE_AUTORELEASING = YES;
				CLANG_WARN_BOOL_CONVERSION = YES;
				CLANG_WARN_COMMA = YES;
				CLANG_WARN_CONSTANT_CONVERSION = YES;
				CLANG_WARN_DEPRECATED_OBJC_IMPLEMENTATIONS = YES;
				CLANG_WARN_DIRECT_OBJC_ISA_USAGE = YES_ERROR;
				CLANG_WARN_DOCUMENTATION_COMMENTS = YES;
				CLANG_WARN_EMPTY_BODY = YES;
				CLANG_WARN_ENUM_CONVERSION = YES;
				CLANG_WARN_INFINITE_RECURSION = YES;
				CLANG_WARN_INT_CONVERSION = YES;
				CLANG_WARN_NON_LITERAL_NULL_CONVERSION = YES;
				CLANG_WARN_OBJC_IMPLICIT_RETAIN_SELF = YES;
				CLANG_WARN_OBJC_LITERAL_CONVERSION = YES;
				CLANG_WARN_OBJC_ROOT_CLASS = YES_ERROR;
				CLANG_WARN_RANGE_LOOP_ANALYSIS = YES;
				CLANG_WARN_STRICT_PROTOTYPES = YES;
				CLANG_WARN_SUSPICIOUS_MOVE = YES;
				CLANG_WARN_UNGUARDED_AVAILABILITY = YES_AGGRESSIVE;
				CLANG_WARN_UNREACHABLE_CODE = YES;
				CLANG_WARN__DUPLICATE_METHOD_MATCH = YES;
				COPY_PHASE_STRIP = NO;
				DEBUG_INFORMATION_FORMAT = dwarf;
				ENABLE_STRICT_OBJC_MSGSEND = YES;
				ENABLE_TESTABILITY = YES;
				GCC_C_LANGUAGE_STANDARD = gnu11;
				GCC_DYNAMIC_NO_PIC = NO;
				GCC_NO_COMMON_BLOCKS = YES;
				GCC_OPTIMIZATION_LEVEL = 0;
				GCC_PREPROCESSOR_DEFINITIONS = (
					"DEBUG=1",
					"$(inherited)",
				);
				GCC_WARN_64_TO_32_BIT_CONVERSION = YES;
				GCC_WARN_ABOUT_RETURN_TYPE = YES_ERROR;
				GCC_WARN_UNDECLARED_SELECTOR = YES;
				GCC_WARN_UNINITIALIZED_AUTOS = YES_AGGRESSIVE;
				GCC_WARN_UNUSED_FUNCTION = YES;
				GCC_WARN_UNUSED_VARIABLE = YES;
				IPHONEOS_DEPLOYMENT_TARGET = 13.5;
				MTL_ENABLE_DEBUG_INFO = INCLUDE_SOURCE;
				MTL_FAST_MATH = YES;
				ONLY_ACTIVE_ARCH = YES;
				SDKROOT = iphoneos;
				SWIFT_ACTIVE_COMPILATION_CONDITIONS = DEBUG;
				SWIFT_OPTIMIZATION_LEVEL = "-Onone";
			};
			name = Debug;
		};
		D2EFF5F9249BA139006C430E /* Release */ = {
			isa = XCBuildConfiguration;
			buildSettings = {
				ALWAYS_SEARCH_USER_PATHS = NO;
				CLANG_ANALYZER_NONNULL = YES;
				CLANG_ANALYZER_NUMBER_OBJECT_CONVERSION = YES_AGGRESSIVE;
				CLANG_CXX_LANGUAGE_STANDARD = "gnu++14";
				CLANG_CXX_LIBRARY = "libc++";
				CLANG_ENABLE_MODULES = YES;
				CLANG_ENABLE_OBJC_ARC = YES;
				CLANG_ENABLE_OBJC_WEAK = YES;
				CLANG_WARN_BLOCK_CAPTURE_AUTORELEASING = YES;
				CLANG_WARN_BOOL_CONVERSION = YES;
				CLANG_WARN_COMMA = YES;
				CLANG_WARN_CONSTANT_CONVERSION = YES;
				CLANG_WARN_DEPRECATED_OBJC_IMPLEMENTATIONS = YES;
				CLANG_WARN_DIRECT_OBJC_ISA_USAGE = YES_ERROR;
				CLANG_WARN_DOCUMENTATION_COMMENTS = YES;
				CLANG_WARN_EMPTY_BODY = YES;
				CLANG_WARN_ENUM_CONVERSION = YES;
				CLANG_WARN_INFINITE_RECURSION = YES;
				CLANG_WARN_INT_CONVERSION = YES;
				CLANG_WARN_NON_LITERAL_NULL_CONVERSION = YES;
				CLANG_WARN_OBJC_IMPLICIT_RETAIN_SELF = YES;
				CLANG_WARN_OBJC_LITERAL_CONVERSION = YES;
				CLANG_WARN_OBJC_ROOT_CLASS = YES_ERROR;
				CLANG_WARN_RANGE_LOOP_ANALYSIS = YES;
				CLANG_WARN_STRICT_PROTOTYPES = YES;
				CLANG_WARN_SUSPICIOUS_MOVE = YES;
				CLANG_WARN_UNGUARDED_AVAILABILITY = YES_AGGRESSIVE;
				CLANG_WARN_UNREACHABLE_CODE = YES;
				CLANG_WARN__DUPLICATE_METHOD_MATCH = YES;
				COPY_PHASE_STRIP = NO;
				DEBUG_INFORMATION_FORMAT = "dwarf-with-dsym";
				ENABLE_NS_ASSERTIONS = NO;
				ENABLE_STRICT_OBJC_MSGSEND = YES;
				GCC_C_LANGUAGE_STANDARD = gnu11;
				GCC_NO_COMMON_BLOCKS = YES;
				GCC_WARN_64_TO_32_BIT_CONVERSION = YES;
				GCC_WARN_ABOUT_RETURN_TYPE = YES_ERROR;
				GCC_WARN_UNDECLARED_SELECTOR = YES;
				GCC_WARN_UNINITIALIZED_AUTOS = YES_AGGRESSIVE;
				GCC_WARN_UNUSED_FUNCTION = YES;
				GCC_WARN_UNUSED_VARIABLE = YES;
				IPHONEOS_DEPLOYMENT_TARGET = 13.5;
				MTL_ENABLE_DEBUG_INFO = NO;
				MTL_FAST_MATH = YES;
				SDKROOT = iphoneos;
				SWIFT_COMPILATION_MODE = wholemodule;
				SWIFT_OPTIMIZATION_LEVEL = "-O";
				VALIDATE_PRODUCT = YES;
			};
			name = Release;
		};
		D2EFF5FB249BA139006C430E /* Debug */ = {
			isa = XCBuildConfiguration;
			baseConfigurationReference = 6B96EDC437044949250F9898 /* Pods-Foil_JulioNietoSantiago.debug.xcconfig */;
			buildSettings = {
				ASSETCATALOG_COMPILER_APPICON_NAME = AppIcon;
				CODE_SIGN_STYLE = Automatic;
				DEVELOPMENT_TEAM = 48HJCE3N2A;
				INFOPLIST_FILE = Foil_JulioNietoSantiago/Info.plist;
				IPHONEOS_DEPLOYMENT_TARGET = 11.0;
				LD_RUNPATH_SEARCH_PATHS = (
					"$(inherited)",
					"@executable_path/Frameworks",
				);
				PRODUCT_BUNDLE_IDENTIFIER = "com.pasionsoftware.Foil-JulioNietoSantiago";
				PRODUCT_NAME = "$(TARGET_NAME)";
				SWIFT_VERSION = 5.0;
				TARGETED_DEVICE_FAMILY = 1;
			};
			name = Debug;
		};
		D2EFF5FC249BA139006C430E /* Release */ = {
			isa = XCBuildConfiguration;
			baseConfigurationReference = 3A1F16B666E063B3613D7907 /* Pods-Foil_JulioNietoSantiago.release.xcconfig */;
			buildSettings = {
				ASSETCATALOG_COMPILER_APPICON_NAME = AppIcon;
				CODE_SIGN_STYLE = Automatic;
				DEVELOPMENT_TEAM = 48HJCE3N2A;
				INFOPLIST_FILE = Foil_JulioNietoSantiago/Info.plist;
				IPHONEOS_DEPLOYMENT_TARGET = 11.0;
				LD_RUNPATH_SEARCH_PATHS = (
					"$(inherited)",
					"@executable_path/Frameworks",
				);
				PRODUCT_BUNDLE_IDENTIFIER = "com.pasionsoftware.Foil-JulioNietoSantiago";
				PRODUCT_NAME = "$(TARGET_NAME)";
				SWIFT_VERSION = 5.0;
				TARGETED_DEVICE_FAMILY = 1;
			};
			name = Release;
		};
		D2EFF5FE249BA139006C430E /* Debug */ = {
			isa = XCBuildConfiguration;
			baseConfigurationReference = A470FABF3DD8BB0CDA38FC76 /* Pods-Foil_JulioNietoSantiagoTests.debug.xcconfig */;
			buildSettings = {
				ALWAYS_EMBED_SWIFT_STANDARD_LIBRARIES = YES;
				BUNDLE_LOADER = "$(TEST_HOST)";
				CODE_SIGN_STYLE = Automatic;
				DEVELOPMENT_TEAM = 48HJCE3N2A;
				INFOPLIST_FILE = Foil_JulioNietoSantiagoTests/Info.plist;
				IPHONEOS_DEPLOYMENT_TARGET = 13.5;
				LD_RUNPATH_SEARCH_PATHS = (
					"$(inherited)",
					"@executable_path/Frameworks",
					"@loader_path/Frameworks",
				);
				PRODUCT_BUNDLE_IDENTIFIER = "com.pasionsoftware.Foil-JulioNietoSantiagoTests";
				PRODUCT_NAME = "$(TARGET_NAME)";
				SWIFT_VERSION = 5.0;
				TARGETED_DEVICE_FAMILY = "1,2";
				TEST_HOST = "$(BUILT_PRODUCTS_DIR)/Foil_JulioNietoSantiago.app/Foil_JulioNietoSantiago";
			};
			name = Debug;
		};
		D2EFF5FF249BA139006C430E /* Release */ = {
			isa = XCBuildConfiguration;
			baseConfigurationReference = 87B1AE9EC2D14F9963EE4D8C /* Pods-Foil_JulioNietoSantiagoTests.release.xcconfig */;
			buildSettings = {
				ALWAYS_EMBED_SWIFT_STANDARD_LIBRARIES = YES;
				BUNDLE_LOADER = "$(TEST_HOST)";
				CODE_SIGN_STYLE = Automatic;
				DEVELOPMENT_TEAM = 48HJCE3N2A;
				INFOPLIST_FILE = Foil_JulioNietoSantiagoTests/Info.plist;
				IPHONEOS_DEPLOYMENT_TARGET = 13.5;
				LD_RUNPATH_SEARCH_PATHS = (
					"$(inherited)",
					"@executable_path/Frameworks",
					"@loader_path/Frameworks",
				);
				PRODUCT_BUNDLE_IDENTIFIER = "com.pasionsoftware.Foil-JulioNietoSantiagoTests";
				PRODUCT_NAME = "$(TARGET_NAME)";
				SWIFT_VERSION = 5.0;
				TARGETED_DEVICE_FAMILY = "1,2";
				TEST_HOST = "$(BUILT_PRODUCTS_DIR)/Foil_JulioNietoSantiago.app/Foil_JulioNietoSantiago";
			};
			name = Release;
		};
		D2EFF601249BA139006C430E /* Debug */ = {
			isa = XCBuildConfiguration;
			baseConfigurationReference = D7CF28FFBA770B47C2624435 /* Pods-Foil_JulioNietoSantiago-Foil_JulioNietoSantiagoUITests.debug.xcconfig */;
			buildSettings = {
				ALWAYS_EMBED_SWIFT_STANDARD_LIBRARIES = YES;
				CODE_SIGN_STYLE = Automatic;
				DEVELOPMENT_TEAM = 48HJCE3N2A;
				INFOPLIST_FILE = Foil_JulioNietoSantiagoUITests/Info.plist;
				LD_RUNPATH_SEARCH_PATHS = (
					"$(inherited)",
					"@executable_path/Frameworks",
					"@loader_path/Frameworks",
				);
				PRODUCT_BUNDLE_IDENTIFIER = "com.pasionsoftware.Foil-JulioNietoSantiagoUITests";
				PRODUCT_NAME = "$(TARGET_NAME)";
				SWIFT_VERSION = 5.0;
				TARGETED_DEVICE_FAMILY = "1,2";
				TEST_TARGET_NAME = Foil_JulioNietoSantiago;
			};
			name = Debug;
		};
		D2EFF602249BA139006C430E /* Release */ = {
			isa = XCBuildConfiguration;
			baseConfigurationReference = AE70194A3CD9EE70A156E783 /* Pods-Foil_JulioNietoSantiago-Foil_JulioNietoSantiagoUITests.release.xcconfig */;
			buildSettings = {
				ALWAYS_EMBED_SWIFT_STANDARD_LIBRARIES = YES;
				CODE_SIGN_STYLE = Automatic;
				DEVELOPMENT_TEAM = 48HJCE3N2A;
				INFOPLIST_FILE = Foil_JulioNietoSantiagoUITests/Info.plist;
				LD_RUNPATH_SEARCH_PATHS = (
					"$(inherited)",
					"@executable_path/Frameworks",
					"@loader_path/Frameworks",
				);
				PRODUCT_BUNDLE_IDENTIFIER = "com.pasionsoftware.Foil-JulioNietoSantiagoUITests";
				PRODUCT_NAME = "$(TARGET_NAME)";
				SWIFT_VERSION = 5.0;
				TARGETED_DEVICE_FAMILY = "1,2";
				TEST_TARGET_NAME = Foil_JulioNietoSantiago;
			};
			name = Release;
		};
/* End XCBuildConfiguration section */

/* Begin XCConfigurationList section */
		D2EFF5CB249BA133006C430E /* Build configuration list for PBXProject "Foil_JulioNietoSantiago" */ = {
			isa = XCConfigurationList;
			buildConfigurations = (
				D2EFF5F8249BA139006C430E /* Debug */,
				D2EFF5F9249BA139006C430E /* Release */,
			);
			defaultConfigurationIsVisible = 0;
			defaultConfigurationName = Release;
		};
		D2EFF5FA249BA139006C430E /* Build configuration list for PBXNativeTarget "Foil_JulioNietoSantiago" */ = {
			isa = XCConfigurationList;
			buildConfigurations = (
				D2EFF5FB249BA139006C430E /* Debug */,
				D2EFF5FC249BA139006C430E /* Release */,
			);
			defaultConfigurationIsVisible = 0;
			defaultConfigurationName = Release;
		};
		D2EFF5FD249BA139006C430E /* Build configuration list for PBXNativeTarget "Foil_JulioNietoSantiagoTests" */ = {
			isa = XCConfigurationList;
			buildConfigurations = (
				D2EFF5FE249BA139006C430E /* Debug */,
				D2EFF5FF249BA139006C430E /* Release */,
			);
			defaultConfigurationIsVisible = 0;
			defaultConfigurationName = Release;
		};
		D2EFF600249BA139006C430E /* Build configuration list for PBXNativeTarget "Foil_JulioNietoSantiagoUITests" */ = {
			isa = XCConfigurationList;
			buildConfigurations = (
				D2EFF601249BA139006C430E /* Debug */,
				D2EFF602249BA139006C430E /* Release */,
			);
			defaultConfigurationIsVisible = 0;
			defaultConfigurationName = Release;
		};
/* End XCConfigurationList section */
	};
	rootObject = D2EFF5C8249BA133006C430E /* Project object */;
}
